
Microsoft Visual Studio Solution File, Format Version 12.00
# Visual Studio Version 17
VisualStudioVersion = 17.10.34607.79
MinimumVisualStudioVersion = 10.0.40219.1
Project("{FAE04EC0-301F-11D3-BF4B-00C04F79EFBC}") = "tps", "tps\tps.csproj", "{495D6CE6-D6F0-4A5D-B534-CE8F9D3E8222}"
EndProject
Global
	GlobalSection(SolutionConfigurationPlatforms) = preSolution
		Debug|Any CPU = Debug|Any CPU
		Release|Any CPU = Release|Any CPU
	EndGlobalSection
	GlobalSection(ProjectConfigurationPlatforms) = postSolution
		{495D6CE6-D6F0-4A5D-B534-CE8F9D3E8222}.Debug|Any CPU.ActiveCfg = Debug|Any CPU
		{495D6CE6-D6F0-4A5D-B534-CE8F9D3E8222}.Debug|Any CPU.Build.0 = Debug|Any CPU
		{495D6CE6-D6F0-4A5D-B534-CE8F9D3E8222}.Release|Any CPU.ActiveCfg = Release|Any CPU
		{495D6CE6-D6F0-4A5D-B534-CE8F9D3E8222}.Release|Any CPU.Build.0 = Release|Any CPU
	EndGlobalSection
	GlobalSection(SolutionProperties) = preSolution
		HideSolutionNode = FALSE
	EndGlobalSection
	GlobalSection(ExtensibilityGlobals) = postSolution
		SolutionGuid = {771A51F1-155F-467B-9A09-0EE135DCD0A6}
	EndGlobalSection
EndGlobal
